// !$*UTF8*$!
{
	archiveVersion = 1;
	classes = {
	};
	objectVersion = 46;
	objects = {

/* Begin PBXBuildFile section */
		C95146641F317605008B7F05 /* DrawRectView.m in Sources */ = {isa = PBXBuildFile; fileRef = C95146631F317605008B7F05 /* DrawRectView.m */; };
		C9521CEF1F304F2800216E9F /* main.m in Sources */ = {isa = PBXBuildFile; fileRef = C9521CEE1F304F2800216E9F /* main.m */; };
		C9521CF21F304F2800216E9F /* AppDelegate.m in Sources */ = {isa = PBXBuildFile; fileRef = C9521CF11F304F2800216E9F /* AppDelegate.m */; };
		C9521CF51F304F2800216E9F /* ViewController.m in Sources */ = {isa = PBXBuildFile; fileRef = C9521CF41F304F2800216E9F /* ViewController.m */; };
		C9521CF81F304F2800216E9F /* Main.storyboard in Resources */ = {isa = PBXBuildFile; fileRef = C9521CF61F304F2800216E9F /* Main.storyboard */; };
		C9521CFA1F304F2800216E9F /* Assets.xcassets in Resources */ = {isa = PBXBuildFile; fileRef = C9521CF91F304F2800216E9F /* Assets.xcassets */; };
		C9521CFD1F304F2800216E9F /* LaunchScreen.storyboard in Resources */ = {isa = PBXBuildFile; fileRef = C9521CFB1F304F2800216E9F /* LaunchScreen.storyboard */; };
		C9521D081F304F2800216E9F /* CirclePanGesDemoTests.m in Sources */ = {isa = PBXBuildFile; fileRef = C9521D071F304F2800216E9F /* CirclePanGesDemoTests.m */; };
		C9521D131F304F2800216E9F /* CirclePanGesDemoUITests.m in Sources */ = {isa = PBXBuildFile; fileRef = C9521D121F304F2800216E9F /* CirclePanGesDemoUITests.m */; };
		C9521D221F30501200216E9F /* CircleView.m in Sources */ = {isa = PBXBuildFile; fileRef = C9521D211F30501200216E9F /* CircleView.m */; };
/* End PBXBuildFile section */

/* Begin PBXContainerItemProxy section */
		C9521D041F304F2800216E9F /* PBXContainerItemProxy */ = {
			isa = PBXContainerItemProxy;
			containerPortal = C9521CE21F304F2800216E9F /* Project object */;
			proxyType = 1;
			remoteGlobalIDString = C9521CE91F304F2800216E9F;
			remoteInfo = CirclePanGesDemo;
		};
		C9521D0F1F304F2800216E9F /* PBXContainerItemProxy */ = {
			isa = PBXContainerItemProxy;
			containerPortal = C9521CE21F304F2800216E9F /* Project object */;
			proxyType = 1;
			remoteGlobalIDString = C9521CE91F304F2800216E9F;
			remoteInfo = CirclePanGesDemo;
		};
/* End PBXContainerItemProxy section */

/* Begin PBXFileReference section */
		C95146621F317605008B7F05 /* DrawRectView.h */ = {isa = PBXFileReference; fileEncoding = 4; lastKnownFileType = sourcecode.c.h; path = DrawRectView.h; sourceTree = "<group>"; };
		C95146631F317605008B7F05 /* DrawRectView.m */ = {isa = PBXFileReference; fileEncoding = 4; lastKnownFileType = sourcecode.c.objc; path = DrawRectView.m; sourceTree = "<group>"; };
		C9521CEA1F304F2800216E9F /* CirclePanGesDemo.app */ = {isa = PBXFileReference; explicitFileType = wrapper.application; includeInIndex = 0; path = CirclePanGesDemo.app; sourceTree = BUILT_PRODUCTS_DIR; };
		C9521CEE1F304F2800216E9F /* main.m */ = {isa = PBXFileReference; lastKnownFileType = sourcecode.c.objc; path = main.m; sourceTree = "<group>"; };
		C9521CF01F304F2800216E9F /* AppDelegate.h */ = {isa = PBXFileReference; lastKnownFileType = sourcecode.c.h; path = AppDelegate.h; sourceTree = "<group>"; };
		C9521CF11F304F2800216E9F /* AppDelegate.m */ = {isa = PBXFileReference; lastKnownFileType = sourcecode.c.objc; path = AppDelegate.m; sourceTree = "<group>"; };
		C9521CF31F304F2800216E9F /* ViewController.h */ = {isa = PBXFileReference; lastKnownFileType = sourcecode.c.h; path = ViewController.h; sourceTree = "<group>"; };
		C9521CF41F304F2800216E9F /* ViewController.m */ = {isa = PBXFileReference; lastKnownFileType = sourcecode.c.objc; path = ViewController.m; sourceTree = "<group>"; };
		C9521CF71F304F2800216E9F /* Base */ = {isa = PBXFileReference; lastKnownFileType = file.storyboard; name = Base; path = Base.lproj/Main.storyboard; sourceTree = "<group>"; };
		C9521CF91F304F2800216E9F /* Assets.xcassets */ = {isa = PBXFileReference; lastKnownFileType = folder.assetcatalog; path = Assets.xcassets; sourceTree = "<group>"; };
		C9521CFC1F304F2800216E9F /* Base */ = {isa = PBXFileReference; lastKnownFileType = file.storyboard; name = Base; path = Base.lproj/LaunchScreen.storyboard; sourceTree = "<group>"; };
		C9521CFE1F304F2800216E9F /* Info.plist */ = {isa = PBXFileReference; lastKnownFileType = text.plist.xml; path = Info.plist; sourceTree = "<group>"; };
		C9521D031F304F2800216E9F /* CirclePanGesDemoTests.xctest */ = {isa = PBXFileReference; explicitFileType = wrapper.cfbundle; includeInIndex = 0; path = CirclePanGesDemoTests.xctest; sourceTree = BUILT_PRODUCTS_DIR; };
		C9521D071F304F2800216E9F /* CirclePanGesDemoTests.m */ = {isa = PBXFileReference; lastKnownFileType = sourcecode.c.objc; path = CirclePanGesDemoTests.m; sourceTree = "<group>"; };
		C9521D091F304F2800216E9F /* Info.plist */ = {isa = PBXFileReference; lastKnownFileType = text.plist.xml; path = Info.plist; sourceTree = "<group>"; };
		C9521D0E1F304F2800216E9F /* CirclePanGesDemoUITests.xctest */ = {isa = PBXFileReference; explicitFileType = wrapper.cfbundle; includeInIndex = 0; path = CirclePanGesDemoUITests.xctest; sourceTree = BUILT_PRODUCTS_DIR; };
		C9521D121F304F2800216E9F /* CirclePanGesDemoUITests.m */ = {isa = PBXFileReference; lastKnownFileType = sourcecode.c.objc; path = CirclePanGesDemoUITests.m; sourceTree = "<group>"; };
		C9521D141F304F2800216E9F /* Info.plist */ = {isa = PBXFileReference; lastKnownFileType = text.plist.xml; path = Info.plist; sourceTree = "<group>"; };
		C9521D201F30501200216E9F /* CircleView.h */ = {isa = PBXFileReference; fileEncoding = 4; lastKnownFileType = sourcecode.c.h; path = CircleView.h; sourceTree = "<group>"; };
		C9521D211F30501200216E9F /* CircleView.m */ = {isa = PBXFileReference; fileEncoding = 4; lastKnownFileType = sourcecode.c.objc; path = CircleView.m; sourceTree = "<group>"; };
/* End PBXFileReference section */

/* Begin PBXFrameworksBuildPhase section */
		C9521CE71F304F2800216E9F /* Frameworks */ = {
			isa = PBXFrameworksBuildPhase;
			buildActionMask = 2147483647;
			files = (
			);
			runOnlyForDeploymentPostprocessing = 0;
		};
		C9521D001F304F2800216E9F /* Frameworks */ = {
			isa = PBXFrameworksBuildPhase;
			buildActionMask = 2147483647;
			files = (
			);
			runOnlyForDeploymentPostprocessing = 0;
		};
		C9521D0B1F304F2800216E9F /* Frameworks */ = {
			isa = PBXFrameworksBuildPhase;
			buildActionMask = 2147483647;
			files = (
			);
			runOnlyForDeploymentPostprocessing = 0;
		};
/* End PBXFrameworksBuildPhase section */

/* Begin PBXGroup section */
		C9521CE11F304F2800216E9F = {
			isa = PBXGroup;
			children = (
				C9521CEC1F304F2800216E9F /* CirclePanGesDemo */,
				C9521D061F304F2800216E9F /* CirclePanGesDemoTests */,
				C9521D111F304F2800216E9F /* CirclePanGesDemoUITests */,
				C9521CEB1F304F2800216E9F /* Products */,
			);
			sourceTree = "<group>";
		};
		C9521CEB1F304F2800216E9F /* Products */ = {
			isa = PBXGroup;
			children = (
				C9521CEA1F304F2800216E9F /* CirclePanGesDemo.app */,
				C9521D031F304F2800216E9F /* CirclePanGesDemoTests.xctest */,
				C9521D0E1F304F2800216E9F /* CirclePanGesDemoUITests.xctest */,
			);
			name = Products;
			sourceTree = "<group>";
		};
		C9521CEC1F304F2800216E9F /* CirclePanGesDemo */ = {
			isa = PBXGroup;
			children = (
				C9521CF01F304F2800216E9F /* AppDelegate.h */,
				C9521CF11F304F2800216E9F /* AppDelegate.m */,
				C9521CF31F304F2800216E9F /* ViewController.h */,
				C9521CF41F304F2800216E9F /* ViewController.m */,
				C9521D201F30501200216E9F /* CircleView.h */,
				C9521D211F30501200216E9F /* CircleView.m */,
				C95146621F317605008B7F05 /* DrawRectView.h */,
				C95146631F317605008B7F05 /* DrawRectView.m */,
				C9521CF61F304F2800216E9F /* Main.storyboard */,
				C9521CF91F304F2800216E9F /* Assets.xcassets */,
				C9521CFB1F304F2800216E9F /* LaunchScreen.storyboard */,
				C9521CFE1F304F2800216E9F /* Info.plist */,
				C9521CED1F304F2800216E9F /* Supporting Files */,
			);
			path = CirclePanGesDemo;
			sourceTree = "<group>";
		};
		C9521CED1F304F2800216E9F /* Supporting Files */ = {
			isa = PBXGroup;
			children = (
				C9521CEE1F304F2800216E9F /* main.m */,
			);
			name = "Supporting Files";
			sourceTree = "<group>";
		};
		C9521D061F304F2800216E9F /* CirclePanGesDemoTests */ = {
			isa = PBXGroup;
			children = (
				C9521D071F304F2800216E9F /* CirclePanGesDemoTests.m */,
				C9521D091F304F2800216E9F /* Info.plist */,
			);
			path = CirclePanGesDemoTests;
			sourceTree = "<group>";
		};
		C9521D111F304F2800216E9F /* CirclePanGesDemoUITests */ = {
			isa = PBXGroup;
			children = (
				C9521D121F304F2800216E9F /* CirclePanGesDemoUITests.m */,
				C9521D141F304F2800216E9F /* Info.plist */,
			);
			path = CirclePanGesDemoUITests;
			sourceTree = "<group>";
		};
/* End PBXGroup section */

/* Begin PBXNativeTarget section */
		C9521CE91F304F2800216E9F /* CirclePanGesDemo */ = {
			isa = PBXNativeTarget;
			buildConfigurationList = C9521D171F304F2800216E9F /* Build configuration list for PBXNativeTarget "CirclePanGesDemo" */;
			buildPhases = (
				C9521CE61F304F2800216E9F /* Sources */,
				C9521CE71F304F2800216E9F /* Frameworks */,
				C9521CE81F304F2800216E9F /* Resources */,
			);
			buildRules = (
			);
			dependencies = (
			);
			name = CirclePanGesDemo;
			productName = CirclePanGesDemo;
			productReference = C9521CEA1F304F2800216E9F /* CirclePanGesDemo.app */;
			productType = "com.apple.product-type.application";
		};
		C9521D021F304F2800216E9F /* CirclePanGesDemoTests */ = {
			isa = PBXNativeTarget;
			buildConfigurationList = C9521D1A1F304F2800216E9F /* Build configuration list for PBXNativeTarget "CirclePanGesDemoTests" */;
			buildPhases = (
				C9521CFF1F304F2800216E9F /* Sources */,
				C9521D001F304F2800216E9F /* Frameworks */,
				C9521D011F304F2800216E9F /* Resources */,
			);
			buildRules = (
			);
			dependencies = (
				C9521D051F304F2800216E9F /* PBXTargetDependency */,
			);
			name = CirclePanGesDemoTests;
			productName = CirclePanGesDemoTests;
			productReference = C9521D031F304F2800216E9F /* CirclePanGesDemoTests.xctest */;
			productType = "com.apple.product-type.bundle.unit-test";
		};
		C9521D0D1F304F2800216E9F /* CirclePanGesDemoUITests */ = {
			isa = PBXNativeTarget;
			buildConfigurationList = C9521D1D1F304F2800216E9F /* Build configuration list for PBXNativeTarget "CirclePanGesDemoUITests" */;
			buildPhases = (
				C9521D0A1F304F2800216E9F /* Sources */,
				C9521D0B1F304F2800216E9F /* Frameworks */,
				C9521D0C1F304F2800216E9F /* Resources */,
			);
			buildRules = (
			);
			dependencies = (
				C9521D101F304F2800216E9F /* PBXTargetDependency */,
			);
			name = CirclePanGesDemoUITests;
			productName = CirclePanGesDemoUITests;
			productReference = C9521D0E1F304F2800216E9F /* CirclePanGesDemoUITests.xctest */;
			productType = "com.apple.product-type.bundle.ui-testing";
		};
/* End PBXNativeTarget section */

/* Begin PBXProject section */
		C9521CE21F304F2800216E9F /* Project object */ = {
			isa = PBXProject;
			attributes = {
				LastUpgradeCheck = 0830;
				ORGANIZATIONNAME = het;
				TargetAttributes = {
					C9521CE91F304F2800216E9F = {
						CreatedOnToolsVersion = 8.3;
						DevelopmentTeam = WU2WFZ2B66;
						ProvisioningStyle = Manual;
					};
					C9521D021F304F2800216E9F = {
						CreatedOnToolsVersion = 8.3;
						ProvisioningStyle = Automatic;
						TestTargetID = C9521CE91F304F2800216E9F;
					};
					C9521D0D1F304F2800216E9F = {
						CreatedOnToolsVersion = 8.3;
						ProvisioningStyle = Automatic;
						TestTargetID = C9521CE91F304F2800216E9F;
					};
				};
			};
			buildConfigurationList = C9521CE51F304F2800216E9F /* Build configuration list for PBXProject "CirclePanGesDemo" */;
			compatibilityVersion = "Xcode 3.2";
			developmentRegion = English;
			hasScannedForEncodings = 0;
			knownRegions = (
				en,
				Base,
			);
			mainGroup = C9521CE11F304F2800216E9F;
			productRefGroup = C9521CEB1F304F2800216E9F /* Products */;
			projectDirPath = "";
			projectRoot = "";
			targets = (
				C9521CE91F304F2800216E9F /* CirclePanGesDemo */,
				C9521D021F304F2800216E9F /* CirclePanGesDemoTests */,
				C9521D0D1F304F2800216E9F /* CirclePanGesDemoUITests */,
			);
		};
/* End PBXProject section */

/* Begin PBXResourcesBuildPhase section */
		C9521CE81F304F2800216E9F /* Resources */ = {
			isa = PBXResourcesBuildPhase;
			buildActionMask = 2147483647;
			files = (
				C9521CFD1F304F2800216E9F /* LaunchScreen.storyboard in Resources */,
				C9521CFA1F304F2800216E9F /* Assets.xcassets in Resources */,
				C9521CF81F304F2800216E9F /* Main.storyboard in Resources */,
			);
			runOnlyForDeploymentPostprocessing = 0;
		};
		C9521D011F304F2800216E9F /* Resources */ = {
			isa = PBXResourcesBuildPhase;
			buildActionMask = 2147483647;
			files = (
			);
			runOnlyForDeploymentPostprocessing = 0;
		};
		C9521D0C1F304F2800216E9F /* Resources */ = {
			isa = PBXResourcesBuildPhase;
			buildActionMask = 2147483647;
			files = (
			);
			runOnlyForDeploymentPostprocessing = 0;
		};
/* End PBXResourcesBuildPhase section */

/* Begin PBXSourcesBuildPhase section */
		C9521CE61F304F2800216E9F /* Sources */ = {
			isa = PBXSourcesBuildPhase;
			buildActionMask = 2147483647;
			files = (
				C95146641F317605008B7F05 /* DrawRectView.m in Sources */,
				C9521D221F30501200216E9F /* CircleView.m in Sources */,
				C9521CF51F304F2800216E9F /* ViewController.m in Sources */,
				C9521CF21F304F2800216E9F /* AppDelegate.m in Sources */,
				C9521CEF1F304F2800216E9F /* main.m in Sources */,
			);
			runOnlyForDeploymentPostprocessing = 0;
		};
		C9521CFF1F304F2800216E9F /* Sources */ = {
			isa = PBXSourcesBuildPhase;
			buildActionMask = 2147483647;
			files = (
				C9521D081F304F2800216E9F /* CirclePanGesDemoTests.m in Sources */,
			);
			runOnlyForDeploymentPostprocessing = 0;
		};
		C9521D0A1F304F2800216E9F /* Sources */ = {
			isa = PBXSourcesBuildPhase;
			buildActionMask = 2147483647;
			files = (
				C9521D131F304F2800216E9F /* CirclePanGesDemoUITests.m in Sources */,
			);
			runOnlyForDeploymentPostprocessing = 0;
		};
/* End PBXSourcesBuildPhase section */

/* Begin PBXTargetDependency section */
		C9521D051F304F2800216E9F /* PBXTargetDependency */ = {
			isa = PBXTargetDependency;
			target = C9521CE91F304F2800216E9F /* CirclePanGesDemo */;
			targetProxy = C9521D041F304F2800216E9F /* PBXContainerItemProxy */;
		};
		C9521D101F304F2800216E9F /* PBXTargetDependency */ = {
			isa = PBXTargetDependency;
			target = C9521CE91F304F2800216E9F /* CirclePanGesDemo */;
			targetProxy = C9521D0F1F304F2800216E9F /* PBXContainerItemProxy */;
		};
/* End PBXTargetDependency section */

/* Begin PBXVariantGroup section */
		C9521CF61F304F2800216E9F /* Main.storyboard */ = {
			isa = PBXVariantGroup;
			children = (
				C9521CF71F304F2800216E9F /* Base */,
			);
			name = Main.storyboard;
			sourceTree = "<group>";
		};
		C9521CFB1F304F2800216E9F /* LaunchScreen.storyboard */ = {
			isa = PBXVariantGroup;
			children = (
				C9521CFC1F304F2800216E9F /* Base */,
			);
			name = LaunchScreen.storyboard;
			sourceTree = "<group>";
		};
/* End PBXVariantGroup section */

/* Begin XCBuildConfiguration section */
		C9521D151F304F2800216E9F /* Debug */ = {
			isa = XCBuildConfiguration;
			buildSettings = {
				ALWAYS_SEARCH_USER_PATHS = NO;
				CLANG_ANALYZER_NONNULL = YES;
				CLANG_ANALYZER_NUMBER_OBJECT_CONVERSION = YES_AGGRESSIVE;
				CLANG_CXX_LANGUAGE_STANDARD = "gnu++0x";
				CLANG_CXX_LIBRARY = "libc++";
				CLANG_ENABLE_MODULES = YES;
				CLANG_ENABLE_OBJC_ARC = YES;
				CLANG_WARN_BOOL_CONVERSION = YES;
				CLANG_WARN_CONSTANT_CONVERSION = YES;
				CLANG_WARN_DIRECT_OBJC_ISA_USAGE = YES_ERROR;
				CLANG_WARN_DOCUMENTATION_COMMENTS = YES;
				CLANG_WARN_EMPTY_BODY = YES;
				CLANG_WARN_ENUM_CONVERSION = YES;
				CLANG_WARN_INFINITE_RECURSION = YES;
				CLANG_WARN_INT_CONVERSION = YES;
				CLANG_WARN_OBJC_ROOT_CLASS = YES_ERROR;
				CLANG_WARN_SUSPICIOUS_MOVE = YES;
				CLANG_WARN_UNREACHABLE_CODE = YES;
				CLANG_WARN__DUPLICATE_METHOD_MATCH = YES;
				"CODE_SIGN_IDENTITY[sdk=iphoneos*]" = "iPhone Developer";
				COPY_PHASE_STRIP = NO;
				DEBUG_INFORMATION_FORMAT = dwarf;
				ENABLE_STRICT_OBJC_MSGSEND = YES;
				ENABLE_TESTABILITY = YES;
				GCC_C_LANGUAGE_STANDARD = gnu99;
				GCC_DYNAMIC_NO_PIC = NO;
				GCC_NO_COMMON_BLOCKS = YES;
				GCC_OPTIMIZATION_LEVEL = 0;
				GCC_PREPROCESSOR_DEFINITIONS = (
					"DEBUG=1",
					"$(inherited)",
				);
				GCC_WARN_64_TO_32_BIT_CONVERSION = YES;
				GCC_WARN_ABOUT_RETURN_TYPE = YES_ERROR;
				GCC_WARN_UNDECLARED_SELECTOR = YES;
				GCC_WARN_UNINITIALIZED_AUTOS = YES_AGGRESSIVE;
				GCC_WARN_UNUSED_FUNCTION = YES;
				GCC_WARN_UNUSED_VARIABLE = YES;
				IPHONEOS_DEPLOYMENT_TARGET = 10.3;
				MTL_ENABLE_DEBUG_INFO = YES;
				ONLY_ACTIVE_ARCH = YES;
				SDKROOT = iphoneos;
				TARGETED_DEVICE_FAMILY = "1,2";
			};
			name = Debug;
		};
		C9521D161F304F2800216E9F /* Release */ = {
			isa = XCBuildConfiguration;
			buildSettings = {
				ALWAYS_SEARCH_USER_PATHS = NO;
				CLANG_ANALYZER_NONNULL = YES;
				CLANG_ANALYZER_NUMBER_OBJECT_CONVERSION = YES_AGGRESSIVE;
				CLANG_CXX_LANGUAGE_STANDARD = "gnu++0x";
				CLANG_CXX_LIBRARY = "libc++";
				CLANG_ENABLE_MODULES = YES;
				CLANG_ENABLE_OBJC_ARC = YES;
				CLANG_WARN_BOOL_CONVERSION = YES;
				CLANG_WARN_CONSTANT_CONVERSION = YES;
				CLANG_WARN_DIRECT_OBJC_ISA_USAGE = YES_ERROR;
				CLANG_WARN_DOCUMENTATION_COMMENTS = YES;
				CLANG_WARN_EMPTY_BODY = YES;
				CLANG_WARN_ENUM_CONVERSION = YES;
				CLANG_WARN_INFINITE_RECURSION = YES;
				CLANG_WARN_INT_CONVERSION = YES;
				CLANG_WARN_OBJC_ROOT_CLASS = YES_ERROR;
				CLANG_WARN_SUSPICIOUS_MOVE = YES;
				CLANG_WARN_UNREACHABLE_CODE = YES;
				CLANG_WARN__DUPLICATE_METHOD_MATCH = YES;
				"CODE_SIGN_IDENTITY[sdk=iphoneos*]" = "iPhone Developer";
				COPY_PHASE_STRIP = NO;
				DEBUG_INFORMATION_FORMAT = "dwarf-with-dsym";
				ENABLE_NS_ASSERTIONS = NO;
				ENABLE_STRICT_OBJC_MSGSEND = YES;
				GCC_C_LANGUAGE_STANDARD = gnu99;
				GCC_NO_COMMON_BLOCKS = YES;
				GCC_WARN_64_TO_32_BIT_CONVERSION = YES;
				GCC_WARN_ABOUT_RETURN_TYPE = YES_ERROR;
				GCC_WARN_UNDECLARED_SELECTOR = YES;
				GCC_WARN_UNINITIALIZED_AUTOS = YES_AGGRESSIVE;
				GCC_WARN_UNUSED_FUNCTION = YES;
				GCC_WARN_UNUSED_VARIABLE = YES;
				IPHONEOS_DEPLOYMENT_TARGET = 10.3;
				MTL_ENABLE_DEBUG_INFO = NO;
				SDKROOT = iphoneos;
				TARGETED_DEVICE_FAMILY = "1,2";
				VALIDATE_PRODUCT = YES;
			};
			name = Release;
		};
		C9521D181F304F2800216E9F /* Debug */ = {
			isa = XCBuildConfiguration;
			buildSettings = {
				ASSETCATALOG_COMPILER_APPICON_NAME = AppIcon;
				DEVELOPMENT_TEAM = WU2WFZ2B66;
				INFOPLIST_FILE = CirclePanGesDemo/Info.plist;
				IPHONEOS_DEPLOYMENT_TARGET = 8.2;
				LD_RUNPATH_SEARCH_PATHS = "$(inherited) @executable_path/Frameworks";
				PRODUCT_BUNDLE_IDENTIFIER = het.CirclePanGesDemo;
				PRODUCT_NAME = "$(TARGET_NAME)";
				PROVISIONING_PROFILE = "85042888-e5cd-4e6f-a0bf-8789d9c0bd45";
				PROVISIONING_PROFILE_SPECIFIER = developAll;
			};
			name = Debug;
		};
		C9521D191F304F2800216E9F /* Release */ = {
			isa = XCBuildConfiguration;
			buildSettings = {
				ASSETCATALOG_COMPILER_APPICON_NAME = AppIcon;
				DEVELOPMENT_TEAM = WU2WFZ2B66;
				INFOPLIST_FILE = CirclePanGesDemo/Info.plist;
				IPHONEOS_DEPLOYMENT_TARGET = 8.2;
				LD_RUNPATH_SEARCH_PATHS = "$(inherited) @executable_path/Frameworks";
				PRODUCT_BUNDLE_IDENTIFIER = het.CirclePanGesDemo;
				PRODUCT_NAME = "$(TARGET_NAME)";
				PROVISIONING_PROFILE = "85042888-e5cd-4e6f-a0bf-8789d9c0bd45";
				PROVISIONING_PROFILE_SPECIFIER = developAll;
			};
			name = Release;
		};
		C9521D1B1F304F2800216E9F /* Debug */ = {
			isa = XCBuildConfiguration;
			buildSettings = {
				BUNDLE_LOADER = "$(TEST_HOST)";
				INFOPLIST_FILE = CirclePanGesDemoTests/Info.plist;
				LD_RUNPATH_SEARCH_PATHS = "$(inherited) @executable_path/Frameworks @loader_path/Frameworks";
				PRODUCT_BUNDLE_IDENTIFIER = het.CirclePanGesDemoTests;
				PRODUCT_NAME = "$(TARGET_NAME)";
				TEST_HOST = "$(BUILT_PRODUCTS_DIR)/CirclePanGesDemo.app/CirclePanGesDemo";
			};
			name = Debug;
		};
		C9521D1C1F304F2800216E9F /* Release */ = {
			isa = XCBuildConfiguration;
			buildSettings = {
				BUNDLE_LOADER = "$(TEST_HOST)";
				INFOPLIST_FILE = CirclePanGesDemoTests/Info.plist;
				LD_RUNPATH_SEARCH_PATHS = "$(inherited) @executable_path/Frameworks @loader_path/Frameworks";
				PRODUCT_BUNDLE_IDENTIFIER = het.CirclePanGesDemoTests;
				PRODUCT_NAME = "$(TARGET_NAME)";
				TEST_HOST = "$(BUILT_PRODUCTS_DIR)/CirclePanGesDemo.app/CirclePanGesDemo";
			};
			name = Release;
		};
		C9521D1E1F304F2800216E9F /* Debug */ = {
			isa = XCBuildConfiguration;
			buildSettings = {
				INFOPLIST_FILE = CirclePanGesDemoUITests/Info.plist;
				LD_RUNPATH_SEARCH_PATHS = "$(inherited) @executable_path/Frameworks @loader_path/Frameworks";
				PRODUCT_BUNDLE_IDENTIFIER = het.CirclePanGesDemoUITests;
				PRODUCT_NAME = "$(TARGET_NAME)";
				TEST_TARGET_NAME = CirclePanGesDemo;
			};
			name = Debug;
		};
		C9521D1F1F304F2800216E9F /* Release */ = {
			isa = XCBuildConfiguration;
			buildSettings = {
				INFOPLIST_FILE = CirclePanGesDemoUITests/Info.plist;
				LD_RUNPATH_SEARCH_PATHS = "$(inherited) @executable_path/Frameworks @loader_path/Frameworks";
				PRODUCT_BUNDLE_IDENTIFIER = het.CirclePanGesDemoUITests;
				PRODUCT_NAME = "$(TARGET_NAME)";
				TEST_TARGET_NAME = CirclePanGesDemo;
			};
			name = Release;
		};
/* End XCBuildConfiguration section */

/* Begin XCConfigurationList section */
		C9521CE51F304F2800216E9F /* Build configuration list for PBXProject "CirclePanGesDemo" */ = {
			isa = XCConfigurationList;
			buildConfigurations = (
				C9521D151F304F2800216E9F /* Debug */,
				C9521D161F304F2800216E9F /* Release */,
			);
			defaultConfigurationIsVisible = 0;
			defaultConfigurationName = Release;
		};
		C9521D171F304F2800216E9F /* Build configuration list for PBXNativeTarget "CirclePanGesDemo" */ = {
			isa = XCConfigurationList;
			buildConfigurations = (
				C9521D181F304F2800216E9F /* Debug */,
				C9521D191F304F2800216E9F /* Release */,
			);
			defaultConfigurationIsVisible = 0;
			defaultConfigurationName = Release;
		};
		C9521D1A1F304F2800216E9F /* Build configuration list for PBXNativeTarget "CirclePanGesDemoTests" */ = {
			isa = XCConfigurationList;
			buildConfigurations = (
				C9521D1B1F304F2800216E9F /* Debug */,
				C9521D1C1F304F2800216E9F /* Release */,
			);
			defaultConfigurationIsVisible = 0;
			defaultConfigurationName = Release;
		};
		C9521D1D1F304F2800216E9F /* Build configuration list for PBXNativeTarget "CirclePanGesDemoUITests" */ = {
			isa = XCConfigurationList;
			buildConfigurations = (
				C9521D1E1F304F2800216E9F /* Debug */,
				C9521D1F1F304F2800216E9F /* Release */,
			);
			defaultConfigurationIsVisible = 0;
			defaultConfigurationName = Release;
		};
/* End XCConfigurationList section */
	};
	rootObject = C9521CE21F304F2800216E9F /* Project object */;
}
